{
  "version": 4,
  "terraform_version": "1.4.2",
  "serial": 5,
  "lineage": "975dc7ee-3c58-88b0-1af0-b8b8fd1f710b",
  "outputs": {},
  "resources": [
    {
      "mode": "managed",
      "type": "newrelic_alert_policy",
      "name": "policy",
      "provider": "provider[\"registry.terraform.io/newrelic/newrelic\"]",
      "instances": [
        {
          "schema_version": 0,
          "attributes": {
            "account_id": 3931832,
            "channel_ids": null,
            "id": "4347186",
            "incident_preference": "PER_POLICY",
            "name": "vikrant-terraform"
          },
          "sensitive_attributes": [],
          "private": "bnVsbA=="
        }
      ]
    },
    {
      "mode": "managed",
      "type": "newrelic_nrql_alert_condition",
      "name": "apdex_condition",
      "provider": "provider[\"registry.terraform.io/newrelic/newrelic\"]",
      "instances": [
        {
          "index_key": 0,
          "schema_version": 0,
          "attributes": {
            "account_id": 3931832,
            "aggregation_delay": null,
            "aggregation_method": null,
            "aggregation_timer": null,
            "aggregation_window": 60,
            "baseline_direction": null,
            "close_violations_on_expiration": false,
            "critical": [
              {
                "duration": 0,
                "operator": "below",
                "threshold": 0.9,
                "threshold_duration": 300,
                "threshold_occurrences": "all",
                "time_function": ""
              }
            ],
            "description": "",
            "enabled": true,
            "entity_guid": "MzkzMTgzMnxBSU9QU3xDT05ESVRJT058MzIxNzQ1OTY",
            "evaluation_delay": null,
            "expiration_duration": 0,
            "fill_option": "none",
            "fill_value": 0,
            "id": "4347186:32174596",
            "name": "Alert-1",
            "nrql": [
              {
                "evaluation_offset": 3,
                "query": "SELECT apdex(duration, t: 0.5) FROM Transaction WHERE appName = 'vikrant Policy ' AND accountId = 3930388",
                "since_value": ""
              }
            ],
            "open_violation_on_expiration": false,
            "policy_id": 4347186,
            "runbook_url": "",
            "slide_by": null,
            "term": [],
            "timeouts": null,
            "type": "static",
            "violation_time_limit": "NON_MATCHABLE_LIMIT_VALUE",
            "violation_time_limit_seconds": 259200,
            "warning": [
              {
                "duration": 0,
                "operator": "below",
                "threshold": 1,
                "threshold_duration": 300,
                "threshold_occurrences": "all",
                "time_function": ""
              }
            ]
          },
          "sensitive_attributes": [],
          "private": "eyJlMmJmYjczMC1lY2FhLTExZTYtOGY4OC0zNDM2M2JjN2M0YzAiOnsiY3JlYXRlIjozMDAwMDAwMDAwMH19",
          "dependencies": [
            "newrelic_alert_policy.policy"
          ]
        },
        {
          "index_key": 1,
          "schema_version": 0,
          "attributes": {
            "account_id": 3931832,
            "aggregation_delay": null,
            "aggregation_method": null,
            "aggregation_timer": null,
            "aggregation_window": 60,
            "baseline_direction": null,
            "close_violations_on_expiration": false,
            "critical": [
              {
                "duration": 0,
                "operator": "below",
                "threshold": 0.9,
                "threshold_duration": 300,
                "threshold_occurrences": "all",
                "time_function": ""
              }
            ],
            "description": "",
            "enabled": true,
            "entity_guid": "MzkzMTgzMnxBSU9QU3xDT05ESVRJT058MzIxNzQ1OTU",
            "evaluation_delay": null,
            "expiration_duration": 0,
            "fill_option": "none",
            "fill_value": 0,
            "id": "4347186:32174595",
            "name": "Alert-2",
            "nrql": [
              {
                "evaluation_offset": 3,
                "query": "SELECT apdex(duration, t: 0.5) FROM Transaction WHERE appName = 'vikrant Policy ' AND accountId = 3930388",
                "since_value": ""
              }
            ],
            "open_violation_on_expiration": false,
            "policy_id": 4347186,
            "runbook_url": "",
            "slide_by": null,
            "term": [],
            "timeouts": null,
            "type": "static",
            "violation_time_limit": "NON_MATCHABLE_LIMIT_VALUE",
            "violation_time_limit_seconds": 259200,
            "warning": [
              {
                "duration": 0,
                "operator": "below",
                "threshold": 1,
                "threshold_duration": 300,
                "threshold_occurrences": "all",
                "time_function": ""
              }
            ]
          },
          "sensitive_attributes": [],
          "private": "eyJlMmJmYjczMC1lY2FhLTExZTYtOGY4OC0zNDM2M2JjN2M0YzAiOnsiY3JlYXRlIjozMDAwMDAwMDAwMH19",
          "dependencies": [
            "newrelic_alert_policy.policy"
          ]
        }
      ]
    },
    {
      "mode": "managed",
      "type": "newrelic_nrql_alert_condition",
      "name": "error_rate_condition",
      "provider": "provider[\"registry.terraform.io/newrelic/newrelic\"]",
      "instances": [
        {
          "schema_version": 0,
          "attributes": {
            "account_id": 3931832,
            "aggregation_delay": null,
            "aggregation_method": null,
            "aggregation_timer": null,
            "aggregation_window": 60,
            "baseline_direction": null,
            "close_violations_on_expiration": false,
            "critical": [
              {
                "duration": 0,
                "operator": "above",
                "threshold": 5,
                "threshold_duration": 300,
                "threshold_occurrences": "all",
                "time_function": ""
              }
            ],
            "description": "",
            "enabled": true,
            "entity_guid": "MzkzMTgzMnxBSU9QU3xDT05ESVRJT058MzIxNzQ1OTc",
            "evaluation_delay": null,
            "expiration_duration": 0,
            "fill_option": "none",
            "fill_value": 0,
            "id": "4347186:32174597",
            "name": "Error rate (High)",
            "nrql": [
              {
                "evaluation_offset": 3,
                "query": "SELECT percentage(count(*), WHERE error IS TRUE) FROM Transaction WHERE appName = 'vikrant Policy ' AND accountId = 3930388",
                "since_value": ""
              }
            ],
            "open_violation_on_expiration": false,
            "policy_id": 4347186,
            "runbook_url": "",
            "slide_by": null,
            "term": [],
            "timeouts": null,
            "type": "static",
            "violation_time_limit": "NON_MATCHABLE_LIMIT_VALUE",
            "violation_time_limit_seconds": 259200,
            "warning": [
              {
                "duration": 0,
                "operator": "above",
                "threshold": 2,
                "threshold_duration": 300,
                "threshold_occurrences": "all",
                "time_function": ""
              }
            ]
          },
          "sensitive_attributes": [],
          "private": "eyJlMmJmYjczMC1lY2FhLTExZTYtOGY4OC0zNDM2M2JjN2M0YzAiOnsiY3JlYXRlIjozMDAwMDAwMDAwMH19",
          "dependencies": [
            "newrelic_alert_policy.policy"
          ]
        }
      ]
    }
  ],
  "check_results": null
}
